
Microsoft Visual Studio Solution File, Format Version 12.00
# Visual Studio 2013
VisualStudioVersion = 12.0.30110.0
MinimumVisualStudioVersion = 10.0.40219.1
Project("{FAE04EC0-301F-11D3-BF4B-00C04F79EFBC}") = "Stacks", "Stacks\Stacks.csproj", "{9E0D5C52-AD78-4A5E-82AD-289D272A111D}"
EndProject
Project("{FAE04EC0-301F-11D3-BF4B-00C04F79EFBC}") = "Stacks.Tests", "Stacks.Tests\Stacks.Tests.csproj", "{D7D92DBF-9A29-4A86-ADA7-D60BE73E7CB2}"
EndProject
Project("{2150E333-8FDC-42A3-9474-1A3956D46DE8}") = ".nuget", ".nuget", "{6FF9EC9B-690A-4261-B252-3FC4C1E3B468}"
	ProjectSection(SolutionItems) = preProject
		.nuget\packages.config = .nuget\packages.config
	EndProjectSection
EndProject
Project("{2150E333-8FDC-42A3-9474-1A3956D46DE8}") = "PerfTests", "PerfTests", "{1E638865-0E75-4443-9BD2-130751C33DEF}"
EndProject
Project("{FAE04EC0-301F-11D3-BF4B-00C04F79EFBC}") = "RawStreamPerfTest", "PerfTests\RawStreamPerfTest\RawStreamPerfTest.csproj", "{C47406E4-A196-456A-91AD-5B86DB5F44E8}"
EndProject
Project("{FAE04EC0-301F-11D3-BF4B-00C04F79EFBC}") = "Actors", "PerfTests\Actors\Actors.csproj", "{7FC0E05A-0E60-4788-B015-1071B104447F}"
EndProject
Global
	GlobalSection(SolutionConfigurationPlatforms) = preSolution
		Debug|Any CPU = Debug|Any CPU
		Debug|x64 = Debug|x64
		Release|Any CPU = Release|Any CPU
		Release|x64 = Release|x64
	EndGlobalSection
	GlobalSection(ProjectConfigurationPlatforms) = postSolution
		{9E0D5C52-AD78-4A5E-82AD-289D272A111D}.Debug|Any CPU.ActiveCfg = Debug|Any CPU
		{9E0D5C52-AD78-4A5E-82AD-289D272A111D}.Debug|Any CPU.Build.0 = Debug|Any CPU
		{9E0D5C52-AD78-4A5E-82AD-289D272A111D}.Debug|x64.ActiveCfg = Debug|x64
		{9E0D5C52-AD78-4A5E-82AD-289D272A111D}.Debug|x64.Build.0 = Debug|x64
		{9E0D5C52-AD78-4A5E-82AD-289D272A111D}.Release|Any CPU.ActiveCfg = Release|Any CPU
		{9E0D5C52-AD78-4A5E-82AD-289D272A111D}.Release|Any CPU.Build.0 = Release|Any CPU
		{9E0D5C52-AD78-4A5E-82AD-289D272A111D}.Release|x64.ActiveCfg = Release|x64
		{9E0D5C52-AD78-4A5E-82AD-289D272A111D}.Release|x64.Build.0 = Release|x64
		{D7D92DBF-9A29-4A86-ADA7-D60BE73E7CB2}.Debug|Any CPU.ActiveCfg = Debug|Any CPU
		{D7D92DBF-9A29-4A86-ADA7-D60BE73E7CB2}.Debug|Any CPU.Build.0 = Debug|Any CPU
		{D7D92DBF-9A29-4A86-ADA7-D60BE73E7CB2}.Debug|x64.ActiveCfg = Debug|x64
		{D7D92DBF-9A29-4A86-ADA7-D60BE73E7CB2}.Debug|x64.Build.0 = Debug|x64
		{D7D92DBF-9A29-4A86-ADA7-D60BE73E7CB2}.Release|Any CPU.ActiveCfg = Release|Any CPU
		{D7D92DBF-9A29-4A86-ADA7-D60BE73E7CB2}.Release|Any CPU.Build.0 = Release|Any CPU
		{D7D92DBF-9A29-4A86-ADA7-D60BE73E7CB2}.Release|x64.ActiveCfg = Release|x64
		{D7D92DBF-9A29-4A86-ADA7-D60BE73E7CB2}.Release|x64.Build.0 = Release|x64
		{C47406E4-A196-456A-91AD-5B86DB5F44E8}.Debug|Any CPU.ActiveCfg = Debug|Any CPU
		{C47406E4-A196-456A-91AD-5B86DB5F44E8}.Debug|Any CPU.Build.0 = Debug|Any CPU
		{C47406E4-A196-456A-91AD-5B86DB5F44E8}.Debug|x64.ActiveCfg = Debug|x64
		{C47406E4-A196-456A-91AD-5B86DB5F44E8}.Debug|x64.Build.0 = Debug|x64
		{C47406E4-A196-456A-91AD-5B86DB5F44E8}.Release|Any CPU.ActiveCfg = Release|Any CPU
		{C47406E4-A196-456A-91AD-5B86DB5F44E8}.Release|Any CPU.Build.0 = Release|Any CPU
		{C47406E4-A196-456A-91AD-5B86DB5F44E8}.Release|x64.ActiveCfg = Release|x64
		{C47406E4-A196-456A-91AD-5B86DB5F44E8}.Release|x64.Build.0 = Release|x64
		{7FC0E05A-0E60-4788-B015-1071B104447F}.Debug|Any CPU.ActiveCfg = Debug|Any CPU
		{7FC0E05A-0E60-4788-B015-1071B104447F}.Debug|Any CPU.Build.0 = Debug|Any CPU
		{7FC0E05A-0E60-4788-B015-1071B104447F}.Debug|x64.ActiveCfg = Debug|x64
		{7FC0E05A-0E60-4788-B015-1071B104447F}.Debug|x64.Build.0 = Debug|x64
		{7FC0E05A-0E60-4788-B015-1071B104447F}.Release|Any CPU.ActiveCfg = Release|Any CPU
		{7FC0E05A-0E60-4788-B015-1071B104447F}.Release|Any CPU.Build.0 = Release|Any CPU
		{7FC0E05A-0E60-4788-B015-1071B104447F}.Release|x64.ActiveCfg = Release|x64
		{7FC0E05A-0E60-4788-B015-1071B104447F}.Release|x64.Build.0 = Release|x64
	EndGlobalSection
	GlobalSection(SolutionProperties) = preSolution
		HideSolutionNode = FALSE
	EndGlobalSection
	GlobalSection(NestedProjects) = preSolution
		{C47406E4-A196-456A-91AD-5B86DB5F44E8} = {1E638865-0E75-4443-9BD2-130751C33DEF}
		{7FC0E05A-0E60-4788-B015-1071B104447F} = {1E638865-0E75-4443-9BD2-130751C33DEF}
	EndGlobalSection
EndGlobal
