
Microsoft Visual Studio Solution File, Format Version 12.00
# Visual Studio 2013
VisualStudioVersion = 12.0.30501.0
MinimumVisualStudioVersion = 10.0.40219.1
Project("{FAE04EC0-301F-11D3-BF4B-00C04F79EFBC}") = "Stacks", "Stacks\Stacks.csproj", "{9E0D5C52-AD78-4A5E-82AD-289D272A111D}"
EndProject
Project("{FAE04EC0-301F-11D3-BF4B-00C04F79EFBC}") = "Stacks.Tests", "Stacks.Tests\Stacks.Tests.csproj", "{D7D92DBF-9A29-4A86-ADA7-D60BE73E7CB2}"
EndProject
Project("{2150E333-8FDC-42A3-9474-1A3956D46DE8}") = "PerfTests", "PerfTests", "{1E638865-0E75-4443-9BD2-130751C33DEF}"
EndProject
Project("{FAE04EC0-301F-11D3-BF4B-00C04F79EFBC}") = "Actors", "PerfTests\Actors\Actors.csproj", "{7FC0E05A-0E60-4788-B015-1071B104447F}"
EndProject
Project("{2150E333-8FDC-42A3-9474-1A3956D46DE8}") = "SimpleThroughput", "SimpleThroughput", "{2E7A4305-4D99-4BFC-8857-72EF8CDEBCFC}"
EndProject
Project("{FAE04EC0-301F-11D3-BF4B-00C04F79EFBC}") = "RawStreamPerfTest", "PerfTests\SimpleThroughput\RawStreamPerfTest\RawStreamPerfTest.csproj", "{C47406E4-A196-456A-91AD-5B86DB5F44E8}"
EndProject
Project("{FAE04EC0-301F-11D3-BF4B-00C04F79EFBC}") = "FramedPerfTest", "PerfTests\SimpleThroughput\FramedPerfTest\FramedPerfTest.csproj", "{9DA21C1F-DFF8-49F9-B7D8-DD5BA07AAFE9}"
EndProject
Project("{FAE04EC0-301F-11D3-BF4B-00C04F79EFBC}") = "Stacks.MessagePack", "Stacks.MessagePack\Stacks.MessagePack.csproj", "{3DB3E2C1-08DF-4FA5-A3B1-BFBAA8AC513C}"
EndProject
Project("{FAE04EC0-301F-11D3-BF4B-00C04F79EFBC}") = "Stacks.ProtoBuf", "Stacks.ProtoBuf\Stacks.ProtoBuf.csproj", "{27637DF0-FDA6-409D-879E-35AB309EE0E6}"
EndProject
Project("{2150E333-8FDC-42A3-9474-1A3956D46DE8}") = "Solution Items", "Solution Items", "{5503BE7F-BF48-4825-94DF-D6B2ABACC848}"
	ProjectSection(SolutionItems) = preProject
		SharedAssemblyInfo.cs = SharedAssemblyInfo.cs
		SharedAssemblyInfo.fs = SharedAssemblyInfo.fs
	EndProjectSection
EndProject
Project("{FAE04EC0-301F-11D3-BF4B-00C04F79EFBC}") = "Executors", "PerfTests\Executors\Executors.csproj", "{08A3C98B-5A61-4C3B-954B-A6ACDD009C27}"
EndProject
Project("{FAE04EC0-301F-11D3-BF4B-00C04F79EFBC}") = "Stacks.Rpc", "Stacks.Rpc\Stacks.Rpc.csproj", "{41C8A811-D6EE-449A-B508-8BFE42ABB65D}"
EndProject
Project("{2150E333-8FDC-42A3-9474-1A3956D46DE8}") = "Examples", "Examples", "{03B85743-07E0-40A3-A074-CBCDECEB3B55}"
EndProject
Project("{FAE04EC0-301F-11D3-BF4B-00C04F79EFBC}") = "ActorSample1", "Examples\ActorSample1\ActorSample1.csproj", "{B72D2B13-5003-47B3-8404-F3696CEEA4C1}"
EndProject
Project("{FAE04EC0-301F-11D3-BF4B-00C04F79EFBC}") = "ActorSample2", "Examples\ActorSample2\ActorSample2.csproj", "{2961BCD8-1814-4F1E-993E-003F831FA085}"
EndProject
Project("{FAE04EC0-301F-11D3-BF4B-00C04F79EFBC}") = "PingPong", "Examples\PingPong\PingPong.csproj", "{1E1371B8-1F03-465A-BAEF-EEB1ED31B43C}"
EndProject
Project("{FAE04EC0-301F-11D3-BF4B-00C04F79EFBC}") = "ProtobufSample", "Examples\ProtobufSample\ProtobufSample.csproj", "{36E76069-E5AA-4D43-9EA8-864A58BE9E66}"
EndProject
Project("{2150E333-8FDC-42A3-9474-1A3956D46DE8}") = "Build", "Build", "{F4ED655C-386E-42D7-9B7D-EC00408287AD}"
	ProjectSection(SolutionItems) = preProject
		Build.fsx = Build.fsx
		Create-Mono.fsx = Create-Mono.fsx
	EndProjectSection
EndProject
Project("{FAE04EC0-301F-11D3-BF4B-00C04F79EFBC}") = "ReactiveSample", "Examples\ReactiveSample\ReactiveSample.csproj", "{326727DF-7109-4711-81BC-511B757ED602}"
EndProject
Project("{F2A71F9B-5D33-465A-A702-920D77279786}") = "Stacks.FSharp", "Stacks.FSharp\Stacks.FSharp.fsproj", "{EED900C6-16CD-47C6-A475-14AB25242DB7}"
EndProject
Project("{F2A71F9B-5D33-465A-A702-920D77279786}") = "ActorFSharpSample1", "Examples\ActorFSharpSample1\ActorFSharpSample1.fsproj", "{DEE716A9-5DD9-4A3A-8C47-61B0C81CB730}"
EndProject
Project("{F2A71F9B-5D33-465A-A702-920D77279786}") = "ActorFSharpSample2", "Examples\ActorFSharpSample2\ActorFSharpSample2.fsproj", "{A3A63570-A684-4773-9FA6-A573AF63CB98}"
EndProject
Project("{F2A71F9B-5D33-465A-A702-920D77279786}") = "ActorFSharpSample3", "Examples\ActorFSharpSample3\ActorFSharpSample3.fsproj", "{9D10BCA1-4BD7-41CB-BDB8-DA963B22E6FC}"
EndProject
Global
	GlobalSection(SolutionConfigurationPlatforms) = preSolution
		Debug|Any CPU = Debug|Any CPU
		Debug|x64 = Debug|x64
		Release|Any CPU = Release|Any CPU
		Release|x64 = Release|x64
	EndGlobalSection
	GlobalSection(ProjectConfigurationPlatforms) = postSolution
		{9E0D5C52-AD78-4A5E-82AD-289D272A111D}.Debug|Any CPU.ActiveCfg = Debug|Any CPU
		{9E0D5C52-AD78-4A5E-82AD-289D272A111D}.Debug|Any CPU.Build.0 = Debug|Any CPU
		{9E0D5C52-AD78-4A5E-82AD-289D272A111D}.Debug|x64.ActiveCfg = Debug|x64
		{9E0D5C52-AD78-4A5E-82AD-289D272A111D}.Debug|x64.Build.0 = Debug|x64
		{9E0D5C52-AD78-4A5E-82AD-289D272A111D}.Release|Any CPU.ActiveCfg = Release|Any CPU
		{9E0D5C52-AD78-4A5E-82AD-289D272A111D}.Release|Any CPU.Build.0 = Release|Any CPU
		{9E0D5C52-AD78-4A5E-82AD-289D272A111D}.Release|x64.ActiveCfg = Release|x64
		{9E0D5C52-AD78-4A5E-82AD-289D272A111D}.Release|x64.Build.0 = Release|x64
		{D7D92DBF-9A29-4A86-ADA7-D60BE73E7CB2}.Debug|Any CPU.ActiveCfg = Debug|Any CPU
		{D7D92DBF-9A29-4A86-ADA7-D60BE73E7CB2}.Debug|Any CPU.Build.0 = Debug|Any CPU
		{D7D92DBF-9A29-4A86-ADA7-D60BE73E7CB2}.Debug|x64.ActiveCfg = Debug|x64
		{D7D92DBF-9A29-4A86-ADA7-D60BE73E7CB2}.Debug|x64.Build.0 = Debug|x64
		{D7D92DBF-9A29-4A86-ADA7-D60BE73E7CB2}.Release|Any CPU.ActiveCfg = Release|Any CPU
		{D7D92DBF-9A29-4A86-ADA7-D60BE73E7CB2}.Release|Any CPU.Build.0 = Release|Any CPU
		{D7D92DBF-9A29-4A86-ADA7-D60BE73E7CB2}.Release|x64.ActiveCfg = Release|x64
		{D7D92DBF-9A29-4A86-ADA7-D60BE73E7CB2}.Release|x64.Build.0 = Release|x64
		{7FC0E05A-0E60-4788-B015-1071B104447F}.Debug|Any CPU.ActiveCfg = Debug|Any CPU
		{7FC0E05A-0E60-4788-B015-1071B104447F}.Debug|Any CPU.Build.0 = Debug|Any CPU
		{7FC0E05A-0E60-4788-B015-1071B104447F}.Debug|x64.ActiveCfg = Debug|x64
		{7FC0E05A-0E60-4788-B015-1071B104447F}.Debug|x64.Build.0 = Debug|x64
		{7FC0E05A-0E60-4788-B015-1071B104447F}.Release|Any CPU.ActiveCfg = Release|Any CPU
		{7FC0E05A-0E60-4788-B015-1071B104447F}.Release|Any CPU.Build.0 = Release|Any CPU
		{7FC0E05A-0E60-4788-B015-1071B104447F}.Release|x64.ActiveCfg = Release|x64
		{7FC0E05A-0E60-4788-B015-1071B104447F}.Release|x64.Build.0 = Release|x64
		{C47406E4-A196-456A-91AD-5B86DB5F44E8}.Debug|Any CPU.ActiveCfg = Debug|Any CPU
		{C47406E4-A196-456A-91AD-5B86DB5F44E8}.Debug|Any CPU.Build.0 = Debug|Any CPU
		{C47406E4-A196-456A-91AD-5B86DB5F44E8}.Debug|x64.ActiveCfg = Debug|x64
		{C47406E4-A196-456A-91AD-5B86DB5F44E8}.Debug|x64.Build.0 = Debug|x64
		{C47406E4-A196-456A-91AD-5B86DB5F44E8}.Release|Any CPU.ActiveCfg = Release|Any CPU
		{C47406E4-A196-456A-91AD-5B86DB5F44E8}.Release|Any CPU.Build.0 = Release|Any CPU
		{C47406E4-A196-456A-91AD-5B86DB5F44E8}.Release|x64.ActiveCfg = Release|x64
		{C47406E4-A196-456A-91AD-5B86DB5F44E8}.Release|x64.Build.0 = Release|x64
		{9DA21C1F-DFF8-49F9-B7D8-DD5BA07AAFE9}.Debug|Any CPU.ActiveCfg = Debug|Any CPU
		{9DA21C1F-DFF8-49F9-B7D8-DD5BA07AAFE9}.Debug|Any CPU.Build.0 = Debug|Any CPU
		{9DA21C1F-DFF8-49F9-B7D8-DD5BA07AAFE9}.Debug|x64.ActiveCfg = Debug|x64
		{9DA21C1F-DFF8-49F9-B7D8-DD5BA07AAFE9}.Debug|x64.Build.0 = Debug|x64
		{9DA21C1F-DFF8-49F9-B7D8-DD5BA07AAFE9}.Release|Any CPU.ActiveCfg = Release|Any CPU
		{9DA21C1F-DFF8-49F9-B7D8-DD5BA07AAFE9}.Release|Any CPU.Build.0 = Release|Any CPU
		{9DA21C1F-DFF8-49F9-B7D8-DD5BA07AAFE9}.Release|x64.ActiveCfg = Release|x64
		{9DA21C1F-DFF8-49F9-B7D8-DD5BA07AAFE9}.Release|x64.Build.0 = Release|x64
		{3DB3E2C1-08DF-4FA5-A3B1-BFBAA8AC513C}.Debug|Any CPU.ActiveCfg = Debug|Any CPU
		{3DB3E2C1-08DF-4FA5-A3B1-BFBAA8AC513C}.Debug|Any CPU.Build.0 = Debug|Any CPU
		{3DB3E2C1-08DF-4FA5-A3B1-BFBAA8AC513C}.Debug|x64.ActiveCfg = Debug|x64
		{3DB3E2C1-08DF-4FA5-A3B1-BFBAA8AC513C}.Debug|x64.Build.0 = Debug|x64
		{3DB3E2C1-08DF-4FA5-A3B1-BFBAA8AC513C}.Release|Any CPU.ActiveCfg = Release|Any CPU
		{3DB3E2C1-08DF-4FA5-A3B1-BFBAA8AC513C}.Release|Any CPU.Build.0 = Release|Any CPU
		{3DB3E2C1-08DF-4FA5-A3B1-BFBAA8AC513C}.Release|x64.ActiveCfg = Release|x64
		{3DB3E2C1-08DF-4FA5-A3B1-BFBAA8AC513C}.Release|x64.Build.0 = Release|x64
		{27637DF0-FDA6-409D-879E-35AB309EE0E6}.Debug|Any CPU.ActiveCfg = Debug|Any CPU
		{27637DF0-FDA6-409D-879E-35AB309EE0E6}.Debug|Any CPU.Build.0 = Debug|Any CPU
		{27637DF0-FDA6-409D-879E-35AB309EE0E6}.Debug|x64.ActiveCfg = Debug|x64
		{27637DF0-FDA6-409D-879E-35AB309EE0E6}.Debug|x64.Build.0 = Debug|x64
		{27637DF0-FDA6-409D-879E-35AB309EE0E6}.Release|Any CPU.ActiveCfg = Release|Any CPU
		{27637DF0-FDA6-409D-879E-35AB309EE0E6}.Release|Any CPU.Build.0 = Release|Any CPU
		{27637DF0-FDA6-409D-879E-35AB309EE0E6}.Release|x64.ActiveCfg = Release|x64
		{27637DF0-FDA6-409D-879E-35AB309EE0E6}.Release|x64.Build.0 = Release|x64
		{08A3C98B-5A61-4C3B-954B-A6ACDD009C27}.Debug|Any CPU.ActiveCfg = Debug|Any CPU
		{08A3C98B-5A61-4C3B-954B-A6ACDD009C27}.Debug|Any CPU.Build.0 = Debug|Any CPU
		{08A3C98B-5A61-4C3B-954B-A6ACDD009C27}.Debug|x64.ActiveCfg = Debug|x64
		{08A3C98B-5A61-4C3B-954B-A6ACDD009C27}.Debug|x64.Build.0 = Debug|x64
		{08A3C98B-5A61-4C3B-954B-A6ACDD009C27}.Release|Any CPU.ActiveCfg = Release|Any CPU
		{08A3C98B-5A61-4C3B-954B-A6ACDD009C27}.Release|Any CPU.Build.0 = Release|Any CPU
		{08A3C98B-5A61-4C3B-954B-A6ACDD009C27}.Release|x64.ActiveCfg = Release|x64
		{08A3C98B-5A61-4C3B-954B-A6ACDD009C27}.Release|x64.Build.0 = Release|x64
		{41C8A811-D6EE-449A-B508-8BFE42ABB65D}.Debug|Any CPU.ActiveCfg = Debug|Any CPU
		{41C8A811-D6EE-449A-B508-8BFE42ABB65D}.Debug|Any CPU.Build.0 = Debug|Any CPU
		{41C8A811-D6EE-449A-B508-8BFE42ABB65D}.Debug|x64.ActiveCfg = Debug|x64
		{41C8A811-D6EE-449A-B508-8BFE42ABB65D}.Debug|x64.Build.0 = Debug|x64
		{41C8A811-D6EE-449A-B508-8BFE42ABB65D}.Release|Any CPU.ActiveCfg = Release|Any CPU
		{41C8A811-D6EE-449A-B508-8BFE42ABB65D}.Release|Any CPU.Build.0 = Release|Any CPU
		{41C8A811-D6EE-449A-B508-8BFE42ABB65D}.Release|x64.ActiveCfg = Release|x64
		{41C8A811-D6EE-449A-B508-8BFE42ABB65D}.Release|x64.Build.0 = Release|x64
		{B72D2B13-5003-47B3-8404-F3696CEEA4C1}.Debug|Any CPU.ActiveCfg = Debug|Any CPU
		{B72D2B13-5003-47B3-8404-F3696CEEA4C1}.Debug|Any CPU.Build.0 = Debug|Any CPU
		{B72D2B13-5003-47B3-8404-F3696CEEA4C1}.Debug|x64.ActiveCfg = Debug|x64
		{B72D2B13-5003-47B3-8404-F3696CEEA4C1}.Debug|x64.Build.0 = Debug|x64
		{B72D2B13-5003-47B3-8404-F3696CEEA4C1}.Release|Any CPU.ActiveCfg = Release|Any CPU
		{B72D2B13-5003-47B3-8404-F3696CEEA4C1}.Release|Any CPU.Build.0 = Release|Any CPU
		{B72D2B13-5003-47B3-8404-F3696CEEA4C1}.Release|x64.ActiveCfg = Release|x64
		{B72D2B13-5003-47B3-8404-F3696CEEA4C1}.Release|x64.Build.0 = Release|x64
		{2961BCD8-1814-4F1E-993E-003F831FA085}.Debug|Any CPU.ActiveCfg = Debug|Any CPU
		{2961BCD8-1814-4F1E-993E-003F831FA085}.Debug|Any CPU.Build.0 = Debug|Any CPU
		{2961BCD8-1814-4F1E-993E-003F831FA085}.Debug|x64.ActiveCfg = Debug|x64
		{2961BCD8-1814-4F1E-993E-003F831FA085}.Debug|x64.Build.0 = Debug|x64
		{2961BCD8-1814-4F1E-993E-003F831FA085}.Release|Any CPU.ActiveCfg = Release|Any CPU
		{2961BCD8-1814-4F1E-993E-003F831FA085}.Release|Any CPU.Build.0 = Release|Any CPU
		{2961BCD8-1814-4F1E-993E-003F831FA085}.Release|x64.ActiveCfg = Release|x64
		{2961BCD8-1814-4F1E-993E-003F831FA085}.Release|x64.Build.0 = Release|x64
		{1E1371B8-1F03-465A-BAEF-EEB1ED31B43C}.Debug|Any CPU.ActiveCfg = Debug|Any CPU
		{1E1371B8-1F03-465A-BAEF-EEB1ED31B43C}.Debug|Any CPU.Build.0 = Debug|Any CPU
		{1E1371B8-1F03-465A-BAEF-EEB1ED31B43C}.Debug|x64.ActiveCfg = Debug|x64
		{1E1371B8-1F03-465A-BAEF-EEB1ED31B43C}.Debug|x64.Build.0 = Debug|x64
		{1E1371B8-1F03-465A-BAEF-EEB1ED31B43C}.Release|Any CPU.ActiveCfg = Release|Any CPU
		{1E1371B8-1F03-465A-BAEF-EEB1ED31B43C}.Release|Any CPU.Build.0 = Release|Any CPU
		{1E1371B8-1F03-465A-BAEF-EEB1ED31B43C}.Release|x64.ActiveCfg = Release|x64
		{1E1371B8-1F03-465A-BAEF-EEB1ED31B43C}.Release|x64.Build.0 = Release|x64
		{36E76069-E5AA-4D43-9EA8-864A58BE9E66}.Debug|Any CPU.ActiveCfg = Debug|Any CPU
		{36E76069-E5AA-4D43-9EA8-864A58BE9E66}.Debug|Any CPU.Build.0 = Debug|Any CPU
		{36E76069-E5AA-4D43-9EA8-864A58BE9E66}.Debug|x64.ActiveCfg = Debug|x64
		{36E76069-E5AA-4D43-9EA8-864A58BE9E66}.Debug|x64.Build.0 = Debug|x64
		{36E76069-E5AA-4D43-9EA8-864A58BE9E66}.Release|Any CPU.ActiveCfg = Release|Any CPU
		{36E76069-E5AA-4D43-9EA8-864A58BE9E66}.Release|Any CPU.Build.0 = Release|Any CPU
		{36E76069-E5AA-4D43-9EA8-864A58BE9E66}.Release|x64.ActiveCfg = Release|x64
		{36E76069-E5AA-4D43-9EA8-864A58BE9E66}.Release|x64.Build.0 = Release|x64
		{326727DF-7109-4711-81BC-511B757ED602}.Debug|Any CPU.ActiveCfg = Debug|Any CPU
		{326727DF-7109-4711-81BC-511B757ED602}.Debug|Any CPU.Build.0 = Debug|Any CPU
		{326727DF-7109-4711-81BC-511B757ED602}.Debug|x64.ActiveCfg = Debug|x64
		{326727DF-7109-4711-81BC-511B757ED602}.Debug|x64.Build.0 = Debug|x64
		{326727DF-7109-4711-81BC-511B757ED602}.Release|Any CPU.ActiveCfg = Release|Any CPU
		{326727DF-7109-4711-81BC-511B757ED602}.Release|Any CPU.Build.0 = Release|Any CPU
		{326727DF-7109-4711-81BC-511B757ED602}.Release|x64.ActiveCfg = Release|x64
		{326727DF-7109-4711-81BC-511B757ED602}.Release|x64.Build.0 = Release|x64
		{EED900C6-16CD-47C6-A475-14AB25242DB7}.Debug|Any CPU.ActiveCfg = Debug|Any CPU
		{EED900C6-16CD-47C6-A475-14AB25242DB7}.Debug|Any CPU.Build.0 = Debug|Any CPU
		{EED900C6-16CD-47C6-A475-14AB25242DB7}.Debug|x64.ActiveCfg = Debug|Any CPU
		{EED900C6-16CD-47C6-A475-14AB25242DB7}.Release|Any CPU.ActiveCfg = Release|Any CPU
		{EED900C6-16CD-47C6-A475-14AB25242DB7}.Release|Any CPU.Build.0 = Release|Any CPU
		{EED900C6-16CD-47C6-A475-14AB25242DB7}.Release|x64.ActiveCfg = Release|Any CPU
		{DEE716A9-5DD9-4A3A-8C47-61B0C81CB730}.Debug|Any CPU.ActiveCfg = Debug|Any CPU
		{DEE716A9-5DD9-4A3A-8C47-61B0C81CB730}.Debug|Any CPU.Build.0 = Debug|Any CPU
		{DEE716A9-5DD9-4A3A-8C47-61B0C81CB730}.Debug|x64.ActiveCfg = Debug|Any CPU
		{DEE716A9-5DD9-4A3A-8C47-61B0C81CB730}.Release|Any CPU.ActiveCfg = Release|Any CPU
		{DEE716A9-5DD9-4A3A-8C47-61B0C81CB730}.Release|Any CPU.Build.0 = Release|Any CPU
		{DEE716A9-5DD9-4A3A-8C47-61B0C81CB730}.Release|x64.ActiveCfg = Release|Any CPU
		{A3A63570-A684-4773-9FA6-A573AF63CB98}.Debug|Any CPU.ActiveCfg = Debug|Any CPU
		{A3A63570-A684-4773-9FA6-A573AF63CB98}.Debug|Any CPU.Build.0 = Debug|Any CPU
		{A3A63570-A684-4773-9FA6-A573AF63CB98}.Debug|x64.ActiveCfg = Debug|Any CPU
		{A3A63570-A684-4773-9FA6-A573AF63CB98}.Release|Any CPU.ActiveCfg = Release|Any CPU
		{A3A63570-A684-4773-9FA6-A573AF63CB98}.Release|Any CPU.Build.0 = Release|Any CPU
		{A3A63570-A684-4773-9FA6-A573AF63CB98}.Release|x64.ActiveCfg = Release|Any CPU
		{9D10BCA1-4BD7-41CB-BDB8-DA963B22E6FC}.Debug|Any CPU.ActiveCfg = Debug|Any CPU
		{9D10BCA1-4BD7-41CB-BDB8-DA963B22E6FC}.Debug|Any CPU.Build.0 = Debug|Any CPU
		{9D10BCA1-4BD7-41CB-BDB8-DA963B22E6FC}.Debug|x64.ActiveCfg = Debug|Any CPU
		{9D10BCA1-4BD7-41CB-BDB8-DA963B22E6FC}.Release|Any CPU.ActiveCfg = Release|Any CPU
		{9D10BCA1-4BD7-41CB-BDB8-DA963B22E6FC}.Release|Any CPU.Build.0 = Release|Any CPU
		{9D10BCA1-4BD7-41CB-BDB8-DA963B22E6FC}.Release|x64.ActiveCfg = Release|Any CPU
	EndGlobalSection
	GlobalSection(SolutionProperties) = preSolution
		HideSolutionNode = FALSE
	EndGlobalSection
	GlobalSection(NestedProjects) = preSolution
		{7FC0E05A-0E60-4788-B015-1071B104447F} = {1E638865-0E75-4443-9BD2-130751C33DEF}
		{2E7A4305-4D99-4BFC-8857-72EF8CDEBCFC} = {1E638865-0E75-4443-9BD2-130751C33DEF}
		{C47406E4-A196-456A-91AD-5B86DB5F44E8} = {2E7A4305-4D99-4BFC-8857-72EF8CDEBCFC}
		{9DA21C1F-DFF8-49F9-B7D8-DD5BA07AAFE9} = {2E7A4305-4D99-4BFC-8857-72EF8CDEBCFC}
		{08A3C98B-5A61-4C3B-954B-A6ACDD009C27} = {1E638865-0E75-4443-9BD2-130751C33DEF}
		{B72D2B13-5003-47B3-8404-F3696CEEA4C1} = {03B85743-07E0-40A3-A074-CBCDECEB3B55}
		{2961BCD8-1814-4F1E-993E-003F831FA085} = {03B85743-07E0-40A3-A074-CBCDECEB3B55}
		{1E1371B8-1F03-465A-BAEF-EEB1ED31B43C} = {03B85743-07E0-40A3-A074-CBCDECEB3B55}
		{36E76069-E5AA-4D43-9EA8-864A58BE9E66} = {03B85743-07E0-40A3-A074-CBCDECEB3B55}
		{326727DF-7109-4711-81BC-511B757ED602} = {03B85743-07E0-40A3-A074-CBCDECEB3B55}
		{DEE716A9-5DD9-4A3A-8C47-61B0C81CB730} = {03B85743-07E0-40A3-A074-CBCDECEB3B55}
		{A3A63570-A684-4773-9FA6-A573AF63CB98} = {03B85743-07E0-40A3-A074-CBCDECEB3B55}
		{9D10BCA1-4BD7-41CB-BDB8-DA963B22E6FC} = {03B85743-07E0-40A3-A074-CBCDECEB3B55}
	EndGlobalSection
EndGlobal
